// !$*UTF8*$!
{
	archiveVersion = 1;
	classes = {
	};
	objectVersion = 46;
	objects = {

/* Begin PBXBuildFile section */
		A6B12EB11D95D43200048F08 /* main.cpp in Sources */ = {isa = PBXBuildFile; fileRef = A6B12EB01D95D43200048F08 /* main.cpp */; };
		A6B12EBC1D95D93A00048F08 /* Fan.cpp in Sources */ = {isa = PBXBuildFile; fileRef = A6B12EBB1D95D93A00048F08 /* Fan.cpp */; };
		A6B12EBF1D99D82200048F08 /* QuadraticEquation.cpp in Sources */ = {isa = PBXBuildFile; fileRef = A6B12EBD1D99D82200048F08 /* QuadraticEquation.cpp */; };
		A6B12EC21D99E06A00048F08 /* EvenNumber.cpp in Sources */ = {isa = PBXBuildFile; fileRef = A6B12EC01D99E06A00048F08 /* EvenNumber.cpp */; };
		A6B12EC51D99E0CD00048F08 /* SortCharacters.cpp in Sources */ = {isa = PBXBuildFile; fileRef = A6B12EC31D99E0CD00048F08 /* SortCharacters.cpp */; };
		A6B12EC81D99E0E700048F08 /* MyInteger.cpp in Sources */ = {isa = PBXBuildFile; fileRef = A6B12EC61D99E0E700048F08 /* MyInteger.cpp */; };
/* End PBXBuildFile section */

/* Begin PBXCopyFilesBuildPhase section */
		A6B12EAB1D95D43200048F08 /* CopyFiles */ = {
			isa = PBXCopyFilesBuildPhase;
			buildActionMask = 2147483647;
			dstPath = /usr/share/man/man1/;
			dstSubfolderSpec = 0;
			files = (
			);
			runOnlyForDeploymentPostprocessing = 1;
		};
/* End PBXCopyFilesBuildPhase section */

/* Begin PBXFileReference section */
		A6B12EAD1D95D43200048F08 /* CS172-HW3 */ = {isa = PBXFileReference; explicitFileType = "compiled.mach-o.executable"; includeInIndex = 0; path = "CS172-HW3"; sourceTree = BUILT_PRODUCTS_DIR; };
		A6B12EB01D95D43200048F08 /* main.cpp */ = {isa = PBXFileReference; lastKnownFileType = sourcecode.cpp.cpp; path = main.cpp; sourceTree = "<group>"; };
		A6B12EB91D95D5D500048F08 /* Fan.hpp */ = {isa = PBXFileReference; fileEncoding = 4; lastKnownFileType = sourcecode.cpp.h; path = Fan.hpp; sourceTree = "<group>"; };
		A6B12EBB1D95D93A00048F08 /* Fan.cpp */ = {isa = PBXFileReference; fileEncoding = 4; lastKnownFileType = sourcecode.cpp.cpp; path = Fan.cpp; sourceTree = "<group>"; };
		A6B12EBD1D99D82200048F08 /* QuadraticEquation.cpp */ = {isa = PBXFileReference; fileEncoding = 4; lastKnownFileType = sourcecode.cpp.cpp; path = QuadraticEquation.cpp; sourceTree = "<group>"; };
		A6B12EBE1D99D82200048F08 /* QuadraticEquation.hpp */ = {isa = PBXFileReference; fileEncoding = 4; lastKnownFileType = sourcecode.cpp.h; path = QuadraticEquation.hpp; sourceTree = "<group>"; };
		A6B12EC01D99E06A00048F08 /* EvenNumber.cpp */ = {isa = PBXFileReference; fileEncoding = 4; lastKnownFileType = sourcecode.cpp.cpp; path = EvenNumber.cpp; sourceTree = "<group>"; };
		A6B12EC11D99E06A00048F08 /* EvenNumber.hpp */ = {isa = PBXFileReference; fileEncoding = 4; lastKnownFileType = sourcecode.cpp.h; path = EvenNumber.hpp; sourceTree = "<group>"; };
		A6B12EC31D99E0CD00048F08 /* SortCharacters.cpp */ = {isa = PBXFileReference; fileEncoding = 4; lastKnownFileType = sourcecode.cpp.cpp; path = SortCharacters.cpp; sourceTree = "<group>"; };
		A6B12EC41D99E0CD00048F08 /* SortCharacters.hpp */ = {isa = PBXFileReference; fileEncoding = 4; lastKnownFileType = sourcecode.cpp.h; path = SortCharacters.hpp; sourceTree = "<group>"; };
		A6B12EC61D99E0E700048F08 /* MyInteger.cpp */ = {isa = PBXFileReference; fileEncoding = 4; lastKnownFileType = sourcecode.cpp.cpp; path = MyInteger.cpp; sourceTree = "<group>"; };
		A6B12EC71D99E0E700048F08 /* MyInteger.hpp */ = {isa = PBXFileReference; fileEncoding = 4; lastKnownFileType = sourcecode.cpp.h; path = MyInteger.hpp; sourceTree = "<group>"; };
/* End PBXFileReference section */

/* Begin PBXFrameworksBuildPhase section */
		A6B12EAA1D95D43200048F08 /* Frameworks */ = {
			isa = PBXFrameworksBuildPhase;
			buildActionMask = 2147483647;
			files = (
			);
			runOnlyForDeploymentPostprocessing = 0;
		};
/* End PBXFrameworksBuildPhase section */

/* Begin PBXGroup section */
		A6B12EA41D95D43200048F08 = {
			isa = PBXGroup;
			children = (
				A6B12EAF1D95D43200048F08 /* CS172-HW3 */,
				A6B12EAE1D95D43200048F08 /* Products */,
			);
			sourceTree = "<group>";
		};
		A6B12EAE1D95D43200048F08 /* Products */ = {
			isa = PBXGroup;
			children = (
				A6B12EAD1D95D43200048F08 /* CS172-HW3 */,
			);
			name = Products;
			sourceTree = "<group>";
		};
		A6B12EAF1D95D43200048F08 /* CS172-HW3 */ = {
			isa = PBXGroup;
			children = (
				A6B12EB01D95D43200048F08 /* main.cpp */,
				A6B12EB91D95D5D500048F08 /* Fan.hpp */,
				A6B12EBB1D95D93A00048F08 /* Fan.cpp */,
				A6B12EBD1D99D82200048F08 /* QuadraticEquation.cpp */,
				A6B12EBE1D99D82200048F08 /* QuadraticEquation.hpp */,
				A6B12EC01D99E06A00048F08 /* EvenNumber.cpp */,
				A6B12EC11D99E06A00048F08 /* EvenNumber.hpp */,
				A6B12EC31D99E0CD00048F08 /* SortCharacters.cpp */,
				A6B12EC41D99E0CD00048F08 /* SortCharacters.hpp */,
				A6B12EC61D99E0E700048F08 /* MyInteger.cpp */,
				A6B12EC71D99E0E700048F08 /* MyInteger.hpp */,
			);
			path = "CS172-HW3";
			sourceTree = "<group>";
		};
/* End PBXGroup section */

/* Begin PBXNativeTarget section */
		A6B12EAC1D95D43200048F08 /* CS172-HW3 */ = {
			isa = PBXNativeTarget;
			buildConfigurationList = A6B12EB41D95D43200048F08 /* Build configuration list for PBXNativeTarget "CS172-HW3" */;
			buildPhases = (
				A6B12EA91D95D43200048F08 /* Sources */,
				A6B12EAA1D95D43200048F08 /* Frameworks */,
				A6B12EAB1D95D43200048F08 /* CopyFiles */,
			);
			buildRules = (
			);
			dependencies = (
			);
			name = "CS172-HW3";
			productName = "CS172-HW3";
			productReference = A6B12EAD1D95D43200048F08 /* CS172-HW3 */;
			productType = "com.apple.product-type.tool";
		};
/* End PBXNativeTarget section */

/* Begin PBXProject section */
		A6B12EA51D95D43200048F08 /* Project object */ = {
			isa = PBXProject;
			attributes = {
				LastUpgradeCheck = 0720;
				ORGANIZATIONNAME = "Heidi Wiebers";
				TargetAttributes = {
					A6B12EAC1D95D43200048F08 = {
						CreatedOnToolsVersion = 7.2.1;
					};
				};
			};
			buildConfigurationList = A6B12EA81D95D43200048F08 /* Build configuration list for PBXProject "CS172-HW3" */;
			compatibilityVersion = "Xcode 3.2";
			developmentRegion = English;
			hasScannedForEncodings = 0;
			knownRegions = (
				en,
			);
			mainGroup = A6B12EA41D95D43200048F08;
			productRefGroup = A6B12EAE1D95D43200048F08 /* Products */;
			projectDirPath = "";
			projectRoot = "";
			targets = (
				A6B12EAC1D95D43200048F08 /* CS172-HW3 */,
			);
		};
/* End PBXProject section */

/* Begin PBXSourcesBuildPhase section */
		A6B12EA91D95D43200048F08 /* Sources */ = {
			isa = PBXSourcesBuildPhase;
			buildActionMask = 2147483647;
			files = (
				A6B12EC81D99E0E700048F08 /* MyInteger.cpp in Sources */,
				A6B12EC51D99E0CD00048F08 /* SortCharacters.cpp in Sources */,
				A6B12EB11D95D43200048F08 /* main.cpp in Sources */,
				A6B12EBF1D99D82200048F08 /* QuadraticEquation.cpp in Sources */,
				A6B12EC21D99E06A00048F08 /* EvenNumber.cpp in Sources */,
				A6B12EBC1D95D93A00048F08 /* Fan.cpp in Sources */,
			);
			runOnlyForDeploymentPostprocessing = 0;
		};
/* End PBXSourcesBuildPhase section */

/* Begin XCBuildConfiguration section */
		A6B12EB21D95D43200048F08 /* Debug */ = {
			isa = XCBuildConfiguration;
			buildSettings = {
				ALWAYS_SEARCH_USER_PATHS = NO;
				CLANG_CXX_LANGUAGE_STANDARD = "gnu++0x";
				CLANG_CXX_LIBRARY = "libc++";
				CLANG_ENABLE_MODULES = YES;
				CLANG_ENABLE_OBJC_ARC = YES;
				CLANG_WARN_BOOL_CONVERSION = YES;
				CLANG_WARN_CONSTANT_CONVERSION = YES;
				CLANG_WARN_DIRECT_OBJC_ISA_USAGE = YES_ERROR;
				CLANG_WARN_EMPTY_BODY = YES;
				CLANG_WARN_ENUM_CONVERSION = YES;
				CLANG_WARN_INT_CONVERSION = YES;
				CLANG_WARN_OBJC_ROOT_CLASS = YES_ERROR;
				CLANG_WARN_UNREACHABLE_CODE = YES;
				CLANG_WARN__DUPLICATE_METHOD_MATCH = YES;
				CODE_SIGN_IDENTITY = "-";
				COPY_PHASE_STRIP = NO;
				DEBUG_INFORMATION_FORMAT = dwarf;
				ENABLE_STRICT_OBJC_MSGSEND = YES;
				ENABLE_TESTABILITY = YES;
				GCC_C_LANGUAGE_STANDARD = gnu99;
				GCC_DYNAMIC_NO_PIC = NO;
				GCC_NO_COMMON_BLOCKS = YES;
				GCC_OPTIMIZATION_LEVEL = 0;
				GCC_PREPROCESSOR_DEFINITIONS = (
					"DEBUG=1",
					"$(inherited)",
				);
				GCC_WARN_64_TO_32_BIT_CONVERSION = YES;
				GCC_WARN_ABOUT_RETURN_TYPE = YES_ERROR;
				GCC_WARN_UNDECLARED_SELECTOR = YES;
				GCC_WARN_UNINITIALIZED_AUTOS = YES_AGGRESSIVE;
				GCC_WARN_UNUSED_FUNCTION = YES;
				GCC_WARN_UNUSED_VARIABLE = YES;
				MACOSX_DEPLOYMENT_TARGET = 10.10;
				MTL_ENABLE_DEBUG_INFO = YES;
				ONLY_ACTIVE_ARCH = YES;
				SDKROOT = macosx;
			};
			name = Debug;
		};
		A6B12EB31D95D43200048F08 /* Release */ = {
			isa = XCBuildConfiguration;
			buildSettings = {
				ALWAYS_SEARCH_USER_PATHS = NO;
				CLANG_CXX_LANGUAGE_STANDARD = "gnu++0x";
				CLANG_CXX_LIBRARY = "libc++";
				CLANG_ENABLE_MODULES = YES;
				CLANG_ENABLE_OBJC_ARC = YES;
				CLANG_WARN_BOOL_CONVERSION = YES;
				CLANG_WARN_CONSTANT_CONVERSION = YES;
				CLANG_WARN_DIRECT_OBJC_ISA_USAGE = YES_ERROR;
				CLANG_WARN_EMPTY_BODY = YES;
				CLANG_WARN_ENUM_CONVERSION = YES;
				CLANG_WARN_INT_CONVERSION = YES;
				CLANG_WARN_OBJC_ROOT_CLASS = YES_ERROR;
				CLANG_WARN_UNREACHABLE_CODE = YES;
				CLANG_WARN__DUPLICATE_METHOD_MATCH = YES;
				CODE_SIGN_IDENTITY = "-";
				COPY_PHASE_STRIP = NO;
				DEBUG_INFORMATION_FORMAT = "dwarf-with-dsym";
				ENABLE_NS_ASSERTIONS = NO;
				ENABLE_STRICT_OBJC_MSGSEND = YES;
				GCC_C_LANGUAGE_STANDARD = gnu99;
				GCC_NO_COMMON_BLOCKS = YES;
				GCC_WARN_64_TO_32_BIT_CONVERSION = YES;
				GCC_WARN_ABOUT_RETURN_TYPE = YES_ERROR;
				GCC_WARN_UNDECLARED_SELECTOR = YES;
				GCC_WARN_UNINITIALIZED_AUTOS = YES_AGGRESSIVE;
				GCC_WARN_UNUSED_FUNCTION = YES;
				GCC_WARN_UNUSED_VARIABLE = YES;
				MACOSX_DEPLOYMENT_TARGET = 10.10;
				MTL_ENABLE_DEBUG_INFO = NO;
				SDKROOT = macosx;
			};
			name = Release;
		};
		A6B12EB51D95D43200048F08 /* Debug */ = {
			isa = XCBuildConfiguration;
			buildSettings = {
				PRODUCT_NAME = "$(TARGET_NAME)";
			};
			name = Debug;
		};
		A6B12EB61D95D43200048F08 /* Release */ = {
			isa = XCBuildConfiguration;
			buildSettings = {
				PRODUCT_NAME = "$(TARGET_NAME)";
			};
			name = Release;
		};
/* End XCBuildConfiguration section */

/* Begin XCConfigurationList section */
		A6B12EA81D95D43200048F08 /* Build configuration list for PBXProject "CS172-HW3" */ = {
			isa = XCConfigurationList;
			buildConfigurations = (
				A6B12EB21D95D43200048F08 /* Debug */,
				A6B12EB31D95D43200048F08 /* Release */,
			);
			defaultConfigurationIsVisible = 0;
			defaultConfigurationName = Release;
		};
		A6B12EB41D95D43200048F08 /* Build configuration list for PBXNativeTarget "CS172-HW3" */ = {
			isa = XCConfigurationList;
			buildConfigurations = (
				A6B12EB51D95D43200048F08 /* Debug */,
				A6B12EB61D95D43200048F08 /* Release */,
			);
			defaultConfigurationIsVisible = 0;
			defaultConfigurationName = Release;
		};
/* End XCConfigurationList section */
	};
	rootObject = A6B12EA51D95D43200048F08 /* Project object */;
}
